
Microsoft Visual Studio Solution File, Format Version 12.00
# Visual Studio 2013
VisualStudioVersion = 12.0.31101.0
MinimumVisualStudioVersion = 10.0.40219.1
Project("{FAE04EC0-301F-11D3-BF4B-00C04F79EFBC}") = "ImageResizeServer", "ImageResizeServer\ImageResizeServer.csproj", "{EA091706-0348-42FF-9ABA-BC8D7D894D8E}"
EndProject
Global
	GlobalSection(SolutionConfigurationPlatforms) = preSolution
		Debug|Any CPU = Debug|Any CPU
		Release|Any CPU = Release|Any CPU
	EndGlobalSection
	GlobalSection(ProjectConfigurationPlatforms) = postSolution
		{EA091706-0348-42FF-9ABA-BC8D7D894D8E}.Debug|Any CPU.ActiveCfg = Debug|Any CPU
		{EA091706-0348-42FF-9ABA-BC8D7D894D8E}.Debug|Any CPU.Build.0 = Debug|Any CPU
		{EA091706-0348-42FF-9ABA-BC8D7D894D8E}.Release|Any CPU.ActiveCfg = Release|Any CPU
		{EA091706-0348-42FF-9ABA-BC8D7D894D8E}.Release|Any CPU.Build.0 = Release|Any CPU
	EndGlobalSection
	GlobalSection(SolutionProperties) = preSolution
		HideSolutionNode = FALSE
	EndGlobalSection
EndGlobal
